<?xml version="1.0" encoding="utf-8"?>
<Project ToolsVersion="4.0" xmlns="http://schemas.microsoft.com/developer/msbuild/2003">
  <ItemGroup>
    <Filter Include="Source Files">
      <UniqueIdentifier>{4FC737F1-C7A5-4376-A066-2A32D752A2FF}</UniqueIdentifier>
      <Extensions>cpp;c;cc;cxx;def;odl;idl;hpj;bat;asm;asmx</Extensions>
    </Filter>
    <Filter Include="Header Files">
      <UniqueIdentifier>{93995380-89BD-4b04-88EB-625FBE52EBFB}</UniqueIdentifier>
      <Extensions>h;hh;hpp;hxx;hm;inl;inc;ipp;xsd</Extensions>
    </Filter>
    <Filter Include="Resource Files">
      <UniqueIdentifier>{67DA6AB6-F800-4c08-8B7A-83BB121AAD01}</UniqueIdentifier>
      <Extensions>rc;ico;cur;bmp;dlg;rc2;rct;bin;rgs;gif;jpg;jpeg;jpe;resx;tiff;tif;png;wav;mfcribbon-ms</Extensions>
    </Filter>
    <Filter Include="Header Files\Boids">
      <UniqueIdentifier>{94164719-20ee-43e5-96b2-7e6dcd52e89d}</UniqueIdentifier>
    </Filter>
    <Filter Include="Source Files\Boid">
      <UniqueIdentifier>{9928f947-5c53-4eef-98aa-0be6dcda5d69}</UniqueIdentifier>
    </Filter>
    <Filter Include="Source Files\Engine">
      <UniqueIdentifier>{1d9ab95b-a487-4868-8227-981b33a73872}</UniqueIdentifier>
    </Filter>
    <Filter Include="Source Files\Engine\Subengines">
      <UniqueIdentifier>{c4180901-7808-4695-8e53-cc031d2c7518}</UniqueIdentifier>
    </Filter>
    <Filter Include="Header Files\Engine">
      <UniqueIdentifier>{49a69e52-4d3b-46be-b04a-9e6e3575b8fe}</UniqueIdentifier>
    </Filter>
    <Filter Include="Header Files\Engine\Resources">
      <UniqueIdentifier>{87228ba1-3886-42f6-9601-676454deda19}</UniqueIdentifier>
    </Filter>
    <Filter Include="Header Files\Engine\Subengines">
      <UniqueIdentifier>{180377ed-7271-4821-a4c8-4581ab6d1f70}</UniqueIdentifier>
    </Filter>
    <Filter Include="Header Files\Utilities">
      <UniqueIdentifier>{78d72c76-de4d-49c1-82ea-c6c7a150d38c}</UniqueIdentifier>
    </Filter>
    <Filter Include="Source Files\Utilities">
      <UniqueIdentifier>{2ae2da70-4c1c-46b3-bb5a-273945580f68}</UniqueIdentifier>
    </Filter>
    <Filter Include="Source Files\Boid\FlockBehaviours">
      <UniqueIdentifier>{7b89543e-b4b9-4762-9ea1-8b51a0f56b06}</UniqueIdentifier>
    </Filter>
    <Filter Include="Header Files\Boids\FlockBehaviours">
      <UniqueIdentifier>{e21bc6b7-4ed4-4f6c-9e63-0f76667261ef}</UniqueIdentifier>
    </Filter>
  </ItemGroup>
  <ItemGroup>
    <ClInclude Include="GraphicsEngine.h">
      <Filter>Header Files\Engine\Subengines</Filter>
    </ClInclude>
    <ClInclude Include="LogicEngine.h">
      <Filter>Header Files\Engine\Subengines</Filter>
    </ClInclude>
    <ClInclude Include="ResourceManager.h">
      <Filter>Header Files\Engine\Resources</Filter>
    </ClInclude>
    <ClInclude Include="ResourceDefinitions.h">
      <Filter>Header Files\Engine\Resources</Filter>
    </ClInclude>
    <ClInclude Include="BoidFlock.h">
      <Filter>Header Files\Boids</Filter>
    </ClInclude>
    <ClInclude Include="BoidAgentData.h">
      <Filter>Header Files\Boids</Filter>
    </ClInclude>
    <ClInclude Include="SFMLGameEngine.h">
      <Filter>Header Files\Engine</Filter>
    </ClInclude>
    <ClInclude Include="MathAdditions.h">
      <Filter>Header Files\Utilities</Filter>
    </ClInclude>
    <ClInclude Include="Definitions.h">
      <Filter>Header Files\Engine</Filter>
    </ClInclude>
    <ClInclude Include="BoidsApp.h">
      <Filter>Header Files</Filter>
    </ClInclude>
    <ClInclude Include="Quadtree.h">
      <Filter>Header Files\Utilities</Filter>
    </ClInclude>
    <ClInclude Include="GameData.h">
      <Filter>Header Files</Filter>
    </ClInclude>
    <ClInclude Include="FlockBehaviour.h">
      <Filter>Header Files\Boids\FlockBehaviours</Filter>
    </ClInclude>
    <ClInclude Include="AlignmentBehaviour.h">
      <Filter>Header Files\Boids\FlockBehaviours</Filter>
    </ClInclude>
    <ClInclude Include="SeparationBehaviour.h">
      <Filter>Header Files\Boids\FlockBehaviours</Filter>
    </ClInclude>
    <ClInclude Include="CohesionBehaviour.h">
      <Filter>Header Files\Boids\FlockBehaviours</Filter>
    </ClInclude>
    <ClInclude Include="RandomMovementBehaviour.h">
      <Filter>Header Files\Boids\FlockBehaviours</Filter>
    </ClInclude>
    <ClInclude Include="VectorComparator.h">
      <Filter>Header Files\Utilities</Filter>
    </ClInclude>
    <ClInclude Include="BoidComparator.h">
      <Filter>Header Files\Utilities</Filter>
    </ClInclude>
  </ItemGroup>
  <ItemGroup>
    <ClCompile Include="LogicEngine.cpp">
      <Filter>Source Files\Engine\Subengines</Filter>
    </ClCompile>
    <ClCompile Include="GraphicsEngine.cpp">
      <Filter>Source Files\Engine\Subengines</Filter>
    </ClCompile>
    <ClCompile Include="main.cpp">
      <Filter>Source Files</Filter>
    </ClCompile>
    <ClCompile Include="BoidAgentData.cpp">
      <Filter>Source Files\Boid</Filter>
    </ClCompile>
    <ClCompile Include="BoidFlock.cpp">
      <Filter>Source Files\Boid</Filter>
    </ClCompile>
    <ClCompile Include="SFMLGameEngine.cpp">
      <Filter>Source Files\Engine</Filter>
    </ClCompile>
    <ClCompile Include="BoidsApp.cpp">
      <Filter>Source Files</Filter>
    </ClCompile>
  </ItemGroup>
</Project>